# This file is automatically @generated by Cargo.
# It is not intended for manual editing.
version = 4

[[package]]
name = "cafeteria_05"
version = "0.1.0"

[[package]]
name = "factory_10"
version = "0.1.0"

[[package]]
name = "gift_shop_02"
version = "0.1.0"

[[package]]
name = "laboratories_07"
version = "0.1.0"

[[package]]
name = "lobby_03"
version = "0.1.0"

[[package]]
name = "movie_theatre_09"
version = "0.1.0"

[[package]]
name = "playground_08"
version = "0.1.0"

[[package]]
name = "printing_department_04"
version = "0.1.0"

[[package]]
name = "reactor_11"
version = "0.1.0"

[[package]]
name = "secret_entrance_01"
version = "0.1.0"

[[package]]
name = "trash_compactor_06"
version = "0.1.0"
